
Microsoft Visual Studio Solution File, Format Version 12.00
# Visual Studio Version 16
VisualStudioVersion = 16.0.32407.337
MinimumVisualStudioVersion = 10.0.40219.1
Project("{FAE04EC0-301F-11D3-BF4B-00C04F79EFBC}") = "ExerciceArsenal", "ExerciceArsenal\ExerciceArsenal.csproj", "{1660101A-27AC-4D13-B657-EC3CF02B7ADD}"
EndProject
Global
	GlobalSection(SolutionConfigurationPlatforms) = preSolution
		Debug|Any CPU = Debug|Any CPU
		Release|Any CPU = Release|Any CPU
	EndGlobalSection
	GlobalSection(ProjectConfigurationPlatforms) = postSolution
		{1660101A-27AC-4D13-B657-EC3CF02B7ADD}.Debug|Any CPU.ActiveCfg = Debug|Any CPU
		{1660101A-27AC-4D13-B657-EC3CF02B7ADD}.Debug|Any CPU.Build.0 = Debug|Any CPU
		{1660101A-27AC-4D13-B657-EC3CF02B7ADD}.Release|Any CPU.ActiveCfg = Release|Any CPU
		{1660101A-27AC-4D13-B657-EC3CF02B7ADD}.Release|Any CPU.Build.0 = Release|Any CPU
	EndGlobalSection
	GlobalSection(SolutionProperties) = preSolution
		HideSolutionNode = FALSE
	EndGlobalSection
	GlobalSection(ExtensibilityGlobals) = postSolution
		SolutionGuid = {F368FEC4-F2D9-4A34-869C-DED0B7057A6C}
	EndGlobalSection
EndGlobal
